// !$*UTF8*$!
{
	archiveVersion = 1;
	classes = {
	};
	objectVersion = 46;
	objects = {

/* Begin PBXBuildFile section */
		0258211D1CE946B00075C0DD /* AppDelegate.swift in Sources */ = {isa = PBXBuildFile; fileRef = 0258211C1CE946B00075C0DD /* AppDelegate.swift */; };
		0258211F1CE946B00075C0DD /* ViewController.swift in Sources */ = {isa = PBXBuildFile; fileRef = 0258211E1CE946B00075C0DD /* ViewController.swift */; };
		025821221CE946B00075C0DD /* Main.storyboard in Resources */ = {isa = PBXBuildFile; fileRef = 025821201CE946B00075C0DD /* Main.storyboard */; };
		025821241CE946B10075C0DD /* Assets.xcassets in Resources */ = {isa = PBXBuildFile; fileRef = 025821231CE946B10075C0DD /* Assets.xcassets */; };
		025821271CE946B10075C0DD /* LaunchScreen.storyboard in Resources */ = {isa = PBXBuildFile; fileRef = 025821251CE946B10075C0DD /* LaunchScreen.storyboard */; };
/* End PBXBuildFile section */

/* Begin PBXFileReference section */
		025821191CE946B00075C0DD /* GiphyTestApp.app */ = {isa = PBXFileReference; explicitFileType = wrapper.application; includeInIndex = 0; path = GiphyTestApp.app; sourceTree = BUILT_PRODUCTS_DIR; };
		0258211C1CE946B00075C0DD /* AppDelegate.swift */ = {isa = PBXFileReference; lastKnownFileType = sourcecode.swift; path = AppDelegate.swift; sourceTree = "<group>"; };
		0258211E1CE946B00075C0DD /* ViewController.swift */ = {isa = PBXFileReference; lastKnownFileType = sourcecode.swift; path = ViewController.swift; sourceTree = "<group>"; };
		025821211CE946B00075C0DD /* Base */ = {isa = PBXFileReference; lastKnownFileType = file.storyboard; name = Base; path = Base.lproj/Main.storyboard; sourceTree = "<group>"; };
		025821231CE946B10075C0DD /* Assets.xcassets */ = {isa = PBXFileReference; lastKnownFileType = folder.assetcatalog; path = Assets.xcassets; sourceTree = "<group>"; };
		025821261CE946B10075C0DD /* Base */ = {isa = PBXFileReference; lastKnownFileType = file.storyboard; name = Base; path = Base.lproj/LaunchScreen.storyboard; sourceTree = "<group>"; };
		025821281CE946B10075C0DD /* Info.plist */ = {isa = PBXFileReference; lastKnownFileType = text.plist.xml; path = Info.plist; sourceTree = "<group>"; };
/* End PBXFileReference section */

/* Begin PBXFrameworksBuildPhase section */
		025821161CE946B00075C0DD /* Frameworks */ = {
			isa = PBXFrameworksBuildPhase;
			buildActionMask = 2147483647;
			files = (
			);
			runOnlyForDeploymentPostprocessing = 0;
		};
/* End PBXFrameworksBuildPhase section */

/* Begin PBXGroup section */
		025821101CE946B00075C0DD = {
			isa = PBXGroup;
			children = (
				0258211B1CE946B00075C0DD /* GiphyTestApp */,
				0258211A1CE946B00075C0DD /* Products */,
			);
			sourceTree = "<group>";
		};
		0258211A1CE946B00075C0DD /* Products */ = {
			isa = PBXGroup;
			children = (
				025821191CE946B00075C0DD /* GiphyTestApp.app */,
			);
			name = Products;
			sourceTree = "<group>";
		};
		0258211B1CE946B00075C0DD /* GiphyTestApp */ = {
			isa = PBXGroup;
			children = (
				0258211C1CE946B00075C0DD /* AppDelegate.swift */,
				0258211E1CE946B00075C0DD /* ViewController.swift */,
				025821201CE946B00075C0DD /* Main.storyboard */,
				025821231CE946B10075C0DD /* Assets.xcassets */,
				025821251CE946B10075C0DD /* LaunchScreen.storyboard */,
				025821281CE946B10075C0DD /* Info.plist */,
			);
			path = GiphyTestApp;
			sourceTree = "<group>";
		};
/* End PBXGroup section */

/* Begin PBXNativeTarget section */
		025821181CE946B00075C0DD /* GiphyTestApp */ = {
			isa = PBXNativeTarget;
			buildConfigurationList = 0258212B1CE946B10075C0DD /* Build configuration list for PBXNativeTarget "GiphyTestApp" */;
			buildPhases = (
				025821151CE946B00075C0DD /* Sources */,
				025821161CE946B00075C0DD /* Frameworks */,
				025821171CE946B00075C0DD /* Resources */,
			);
			buildRules = (
			);
			dependencies = (
			);
			name = GiphyTestApp;
			productName = GiphyTestApp;
			productReference = 025821191CE946B00075C0DD /* GiphyTestApp.app */;
			productType = "com.apple.product-type.application";
		};
/* End PBXNativeTarget section */

/* Begin PBXProject section */
		025821111CE946B00075C0DD /* Project object */ = {
			isa = PBXProject;
			attributes = {
				LastSwiftUpdateCheck = 0730;
				LastUpgradeCheck = 0730;
				ORGANIZATIONNAME = garytokman;
				TargetAttributes = {
					025821181CE946B00075C0DD = {
						CreatedOnToolsVersion = 7.3.1;
					};
				};
			};
			buildConfigurationList = 025821141CE946B00075C0DD /* Build configuration list for PBXProject "GiphyTestApp" */;
			compatibilityVersion = "Xcode 3.2";
			developmentRegion = English;
			hasScannedForEncodings = 0;
			knownRegions = (
				en,
				Base,
			);
			mainGroup = 025821101CE946B00075C0DD;
			productRefGroup = 0258211A1CE946B00075C0DD /* Products */;
			projectDirPath = "";
			projectRoot = "";
			targets = (
				025821181CE946B00075C0DD /* GiphyTestApp */,
			);
		};
/* End PBXProject section */

/* Begin PBXResourcesBuildPhase section */
		025821171CE946B00075C0DD /* Resources */ = {
			isa = PBXResourcesBuildPhase;
			buildActionMask = 2147483647;
			files = (
				025821271CE946B10075C0DD /* LaunchScreen.storyboard in Resources */,
				025821241CE946B10075C0DD /* Assets.xcassets in Resources */,
				025821221CE946B00075C0DD /* Main.storyboard in Resources */,
			);
			runOnlyForDeploymentPostprocessing = 0;
		};
/* End PBXResourcesBuildPhase section */

/* Begin PBXSourcesBuildPhase section */
		025821151CE946B00075C0DD /* Sources */ = {
			isa = PBXSourcesBuildPhase;
			buildActionMask = 2147483647;
			files = (
				0258211F1CE946B00075C0DD /* ViewController.swift in Sources */,
				0258211D1CE946B00075C0DD /* AppDelegate.swift in Sources */,
			);
			runOnlyForDeploymentPostprocessing = 0;
		};
/* End PBXSourcesBuildPhase section */

/* Begin PBXVariantGroup section */
		025821201CE946B00075C0DD /* Main.storyboard */ = {
			isa = PBXVariantGroup;
			children = (
				025821211CE946B00075C0DD /* Base */,
			);
			name = Main.storyboard;
			sourceTree = "<group>";
		};
		025821251CE946B10075C0DD /* LaunchScreen.storyboard */ = {
			isa = PBXVariantGroup;
			children = (
				025821261CE946B10075C0DD /* Base */,
			);
			name = LaunchScreen.storyboard;
			sourceTree = "<group>";
		};
/* End PBXVariantGroup section */

/* Begin XCBuildConfiguration section */
		025821291CE946B10075C0DD /* Debug */ = {
			isa = XCBuildConfiguration;
			buildSettings = {
				ALWAYS_SEARCH_USER_PATHS = NO;
				CLANG_ANALYZER_NONNULL = YES;
				CLANG_CXX_LANGUAGE_STANDARD = "gnu++0x";
				CLANG_CXX_LIBRARY = "libc++";
				CLANG_ENABLE_MODULES = YES;
				CLANG_ENABLE_OBJC_ARC = YES;
				CLANG_WARN_BOOL_CONVERSION = YES;
				CLANG_WARN_CONSTANT_CONVERSION = YES;
				CLANG_WARN_DIRECT_OBJC_ISA_USAGE = YES_ERROR;
				CLANG_WARN_EMPTY_BODY = YES;
				CLANG_WARN_ENUM_CONVERSION = YES;
				CLANG_WARN_INT_CONVERSION = YES;
				CLANG_WARN_OBJC_ROOT_CLASS = YES_ERROR;
				CLANG_WARN_UNREACHABLE_CODE = YES;
				CLANG_WARN__DUPLICATE_METHOD_MATCH = YES;
				"CODE_SIGN_IDENTITY[sdk=iphoneos*]" = "iPhone Developer";
				COPY_PHASE_STRIP = NO;
				DEBUG_INFORMATION_FORMAT = dwarf;
				ENABLE_STRICT_OBJC_MSGSEND = YES;
				ENABLE_TESTABILITY = YES;
				GCC_C_LANGUAGE_STANDARD = gnu99;
				GCC_DYNAMIC_NO_PIC = NO;
				GCC_NO_COMMON_BLOCKS = YES;
				GCC_OPTIMIZATION_LEVEL = 0;
				GCC_PREPROCESSOR_DEFINITIONS = (
					"DEBUG=1",
					"$(inherited)",
				);
				GCC_WARN_64_TO_32_BIT_CONVERSION = YES;
				GCC_WARN_ABOUT_RETURN_TYPE = YES_ERROR;
				GCC_WARN_UNDECLARED_SELECTOR = YES;
				GCC_WARN_UNINITIALIZED_AUTOS = YES_AGGRESSIVE;
				GCC_WARN_UNUSED_FUNCTION = YES;
				GCC_WARN_UNUSED_VARIABLE = YES;
				IPHONEOS_DEPLOYMENT_TARGET = 9.3;
				MTL_ENABLE_DEBUG_INFO = YES;
				ONLY_ACTIVE_ARCH = YES;
				SDKROOT = iphoneos;
				SWIFT_OPTIMIZATION_LEVEL = "-Onone";
			};
			name = Debug;
		};
		0258212A1CE946B10075C0DD /* Release */ = {
			isa = XCBuildConfiguration;
			buildSettings = {
				ALWAYS_SEARCH_USER_PATHS = NO;
				CLANG_ANALYZER_NONNULL = YES;
				CLANG_CXX_LANGUAGE_STANDARD = "gnu++0x";
				CLANG_CXX_LIBRARY = "libc++";
				CLANG_ENABLE_MODULES = YES;
				CLANG_ENABLE_OBJC_ARC = YES;
				CLANG_WARN_BOOL_CONVERSION = YES;
				CLANG_WARN_CONSTANT_CONVERSION = YES;
				CLANG_WARN_DIRECT_OBJC_ISA_USAGE = YES_ERROR;
				CLANG_WARN_EMPTY_BODY = YES;
				CLANG_WARN_ENUM_CONVERSION = YES;
				CLANG_WARN_INT_CONVERSION = YES;
				CLANG_WARN_OBJC_ROOT_CLASS = YES_ERROR;
				CLANG_WARN_UNREACHABLE_CODE = YES;
				CLANG_WARN__DUPLICATE_METHOD_MATCH = YES;
				"CODE_SIGN_IDENTITY[sdk=iphoneos*]" = "iPhone Developer";
				COPY_PHASE_STRIP = NO;
				DEBUG_INFORMATION_FORMAT = "dwarf-with-dsym";
				ENABLE_NS_ASSERTIONS = NO;
				ENABLE_STRICT_OBJC_MSGSEND = YES;
				GCC_C_LANGUAGE_STANDARD = gnu99;
				GCC_NO_COMMON_BLOCKS = YES;
				GCC_WARN_64_TO_32_BIT_CONVERSION = YES;
				GCC_WARN_ABOUT_RETURN_TYPE = YES_ERROR;
				GCC_WARN_UNDECLARED_SELECTOR = YES;
				GCC_WARN_UNINITIALIZED_AUTOS = YES_AGGRESSIVE;
				GCC_WARN_UNUSED_FUNCTION = YES;
				GCC_WARN_UNUSED_VARIABLE = YES;
				IPHONEOS_DEPLOYMENT_TARGET = 9.3;
				MTL_ENABLE_DEBUG_INFO = NO;
				SDKROOT = iphoneos;
				VALIDATE_PRODUCT = YES;
			};
			name = Release;
		};
		0258212C1CE946B10075C0DD /* Debug */ = {
			isa = XCBuildConfiguration;
			buildSettings = {
				ASSETCATALOG_COMPILER_APPICON_NAME = AppIcon;
				INFOPLIST_FILE = GiphyTestApp/Info.plist;
				LD_RUNPATH_SEARCH_PATHS = "$(inherited) @executable_path/Frameworks";
				PRODUCT_BUNDLE_IDENTIFIER = me.garytokman.GiphyTestApp;
				PRODUCT_NAME = "$(TARGET_NAME)";
			};
			name = Debug;
		};
		0258212D1CE946B10075C0DD /* Release */ = {
			isa = XCBuildConfiguration;
			buildSettings = {
				ASSETCATALOG_COMPILER_APPICON_NAME = AppIcon;
				INFOPLIST_FILE = GiphyTestApp/Info.plist;
				LD_RUNPATH_SEARCH_PATHS = "$(inherited) @executable_path/Frameworks";
				PRODUCT_BUNDLE_IDENTIFIER = me.garytokman.GiphyTestApp;
				PRODUCT_NAME = "$(TARGET_NAME)";
			};
			name = Release;
		};
/* End XCBuildConfiguration section */

/* Begin XCConfigurationList section */
		025821141CE946B00075C0DD /* Build configuration list for PBXProject "GiphyTestApp" */ = {
			isa = XCConfigurationList;
			buildConfigurations = (
				025821291CE946B10075C0DD /* Debug */,
				0258212A1CE946B10075C0DD /* Release */,
			);
			defaultConfigurationIsVisible = 0;
			defaultConfigurationName = Release;
		};
		0258212B1CE946B10075C0DD /* Build configuration list for PBXNativeTarget "GiphyTestApp" */ = {
			isa = XCConfigurationList;
			buildConfigurations = (
				0258212C1CE946B10075C0DD /* Debug */,
				0258212D1CE946B10075C0DD /* Release */,
			);
			defaultConfigurationIsVisible = 0;
		};
/* End XCConfigurationList section */
	};
	rootObject = 025821111CE946B00075C0DD /* Project object */;
}
